<Solution>
  <Project Path="SharpClaw.Modules.DotNetSidecarHost/SharpClaw.Modules.DotNetSidecarHost.csproj" />
  <Project Path="SharpClaw.Modules.DotNetSidecarHost.Tests/SharpClaw.Modules.DotNetSidecarHost.Tests.csproj" />
  <Project Path="SharpClaw.Modules.Hosting/SharpClaw.Modules.Hosting.csproj" />
  <Folder Name="/Solution Items/">
    <File Path="Directory.Build.props" />
    <File Path="global.json" />
    <File Path="LICENSE.md" />
    <File Path="README.md" />
  </Folder>
</Solution>
